
Microsoft Visual Studio Solution File, Format Version 12.00
# Visual Studio Version 16
VisualStudioVersion = 16.0.28803.352
MinimumVisualStudioVersion = 10.0.40219.1
Project("{FAE04EC0-301F-11D3-BF4B-00C04F79EFBC}") = "GraphGetStarted", "GraphGetStarted\GraphGetStarted.csproj", "{5A08DB0B-BB7A-4572-8CAB-B06F85D652C7}"
EndProject
Project("{FAE04EC0-301F-11D3-BF4B-00C04F79EFBC}") = "GraphUnitTests", "GraphUnitTests\GraphUnitTests.csproj", "{0BEBAD34-46CB-4AB6-BBCB-9FCB99F804C4}"
EndProject
Global
	GlobalSection(SolutionConfigurationPlatforms) = preSolution
		Debug|Any CPU = Debug|Any CPU
		Release|Any CPU = Release|Any CPU
	EndGlobalSection
	GlobalSection(ProjectConfigurationPlatforms) = postSolution
		{5A08DB0B-BB7A-4572-8CAB-B06F85D652C7}.Debug|Any CPU.ActiveCfg = Debug|Any CPU
		{5A08DB0B-BB7A-4572-8CAB-B06F85D652C7}.Debug|Any CPU.Build.0 = Debug|Any CPU
		{5A08DB0B-BB7A-4572-8CAB-B06F85D652C7}.Release|Any CPU.ActiveCfg = Release|Any CPU
		{5A08DB0B-BB7A-4572-8CAB-B06F85D652C7}.Release|Any CPU.Build.0 = Release|Any CPU
		{0BEBAD34-46CB-4AB6-BBCB-9FCB99F804C4}.Debug|Any CPU.ActiveCfg = Debug|Any CPU
		{0BEBAD34-46CB-4AB6-BBCB-9FCB99F804C4}.Debug|Any CPU.Build.0 = Debug|Any CPU
		{0BEBAD34-46CB-4AB6-BBCB-9FCB99F804C4}.Release|Any CPU.ActiveCfg = Release|Any CPU
		{0BEBAD34-46CB-4AB6-BBCB-9FCB99F804C4}.Release|Any CPU.Build.0 = Release|Any CPU
	EndGlobalSection
	GlobalSection(SolutionProperties) = preSolution
		HideSolutionNode = FALSE
	EndGlobalSection
	GlobalSection(ExtensibilityGlobals) = postSolution
		SolutionGuid = {7D78C7F8-213E-489B-BD6C-78F07CA1C804}
	EndGlobalSection
EndGlobal
